PODS:
  - ESTabBarController-swift (2.6.3)
  - Kingfisher (4.10.0)

DEPENDENCIES:
  - ESTabBarController-swift (~> 2.6.3)
  - Kingfisher

SPEC REPOS:
  https://github.com/cocoapods/specs.git:
    - ESTabBarController-swift
    - Kingfisher

SPEC CHECKSUMS:
  ESTabBarController-swift: edb8d8bc2cd043a8ddb43ab501fefdf9865ac519
  Kingfisher: 43c4b802d8b5256cf1f4379e9cd10b329be6d3e2

PODFILE CHECKSUM: 5599776d4cfbfeb2d4a80288aeec11b29f29f6ba

COCOAPODS: 1.5.3
